
Microsoft Visual Studio Solution File, Format Version 12.00
# Visual Studio Version 17
VisualStudioVersion = 17.2.32516.85
MinimumVisualStudioVersion = 10.0.40219.1
Project("{FAE04EC0-301F-11D3-BF4B-00C04F79EFBC}") = "newWebApp", "newWebApp\newWebApp.csproj", "{637DCC11-804A-450B-8C9F-A1C132090010}"
EndProject
Global
	GlobalSection(SolutionConfigurationPlatforms) = preSolution
		Debug|Any CPU = Debug|Any CPU
		Release|Any CPU = Release|Any CPU
	EndGlobalSection
	GlobalSection(ProjectConfigurationPlatforms) = postSolution
		{637DCC11-804A-450B-8C9F-A1C132090010}.Debug|Any CPU.ActiveCfg = Debug|Any CPU
		{637DCC11-804A-450B-8C9F-A1C132090010}.Debug|Any CPU.Build.0 = Debug|Any CPU
		{637DCC11-804A-450B-8C9F-A1C132090010}.Release|Any CPU.ActiveCfg = Release|Any CPU
		{637DCC11-804A-450B-8C9F-A1C132090010}.Release|Any CPU.Build.0 = Release|Any CPU
	EndGlobalSection
	GlobalSection(SolutionProperties) = preSolution
		HideSolutionNode = FALSE
	EndGlobalSection
	GlobalSection(ExtensibilityGlobals) = postSolution
		SolutionGuid = {E842EE0F-61EA-4F8F-A295-6122B6476E82}
	EndGlobalSection
EndGlobal
